
Microsoft Visual Studio Solution File, Format Version 12.00
# Visual Studio 15
VisualStudioVersion = 15.0.28010.2046
MinimumVisualStudioVersion = 10.0.40219.1
Project("{9A19103F-16F7-4668-BE54-9A1E7A4F7556}") = "questionnaire.Api", "questionnaire.Api\questionnaire.Api.csproj", "{3B735D41-40A7-481C-A5BE-520AA6655A40}"
EndProject
Project("{9A19103F-16F7-4668-BE54-9A1E7A4F7556}") = "questionnaire.Core", "questionnaire.Core\questionnaire.Core.csproj", "{9E3E53DF-38DB-4E15-B954-DA98C4E6D9C2}"
EndProject
Project("{9A19103F-16F7-4668-BE54-9A1E7A4F7556}") = "questionnaire.Infrastructure", "questionnaire.Infrastructure\questionnaire.Infrastructure.csproj", "{15F6A057-8B3F-4476-8050-A6E6D0F7A003}"
EndProject
Project("{9A19103F-16F7-4668-BE54-9A1E7A4F7556}") = "questionnaire.UnitTests", "questionnaire.UnitTests\questionnaire.UnitTests.csproj", "{30E7B533-786D-4284-887E-237F1A80B028}"
EndProject
Project("{FAE04EC0-301F-11D3-BF4B-00C04F79EFBC}") = "questionnaire.Tests", "questionnaire.Tests\questionnaire.Tests.csproj", "{947954E5-826B-4F14-ADFF-7865749A068D}"
EndProject
Global
	GlobalSection(SolutionConfigurationPlatforms) = preSolution
		Debug|Any CPU = Debug|Any CPU
		Release|Any CPU = Release|Any CPU
	EndGlobalSection
	GlobalSection(ProjectConfigurationPlatforms) = postSolution
		{3B735D41-40A7-481C-A5BE-520AA6655A40}.Debug|Any CPU.ActiveCfg = Debug|Any CPU
		{3B735D41-40A7-481C-A5BE-520AA6655A40}.Debug|Any CPU.Build.0 = Debug|Any CPU
		{3B735D41-40A7-481C-A5BE-520AA6655A40}.Release|Any CPU.ActiveCfg = Release|Any CPU
		{3B735D41-40A7-481C-A5BE-520AA6655A40}.Release|Any CPU.Build.0 = Release|Any CPU
		{9E3E53DF-38DB-4E15-B954-DA98C4E6D9C2}.Debug|Any CPU.ActiveCfg = Debug|Any CPU
		{9E3E53DF-38DB-4E15-B954-DA98C4E6D9C2}.Debug|Any CPU.Build.0 = Debug|Any CPU
		{9E3E53DF-38DB-4E15-B954-DA98C4E6D9C2}.Release|Any CPU.ActiveCfg = Release|Any CPU
		{9E3E53DF-38DB-4E15-B954-DA98C4E6D9C2}.Release|Any CPU.Build.0 = Release|Any CPU
		{15F6A057-8B3F-4476-8050-A6E6D0F7A003}.Debug|Any CPU.ActiveCfg = Debug|Any CPU
		{15F6A057-8B3F-4476-8050-A6E6D0F7A003}.Debug|Any CPU.Build.0 = Debug|Any CPU
		{15F6A057-8B3F-4476-8050-A6E6D0F7A003}.Release|Any CPU.ActiveCfg = Release|Any CPU
		{15F6A057-8B3F-4476-8050-A6E6D0F7A003}.Release|Any CPU.Build.0 = Release|Any CPU
		{30E7B533-786D-4284-887E-237F1A80B028}.Debug|Any CPU.ActiveCfg = Debug|Any CPU
		{30E7B533-786D-4284-887E-237F1A80B028}.Debug|Any CPU.Build.0 = Debug|Any CPU
		{30E7B533-786D-4284-887E-237F1A80B028}.Release|Any CPU.ActiveCfg = Release|Any CPU
		{30E7B533-786D-4284-887E-237F1A80B028}.Release|Any CPU.Build.0 = Release|Any CPU
		{947954E5-826B-4F14-ADFF-7865749A068D}.Debug|Any CPU.ActiveCfg = Debug|Any CPU
		{947954E5-826B-4F14-ADFF-7865749A068D}.Debug|Any CPU.Build.0 = Debug|Any CPU
		{947954E5-826B-4F14-ADFF-7865749A068D}.Release|Any CPU.ActiveCfg = Release|Any CPU
		{947954E5-826B-4F14-ADFF-7865749A068D}.Release|Any CPU.Build.0 = Release|Any CPU
	EndGlobalSection
	GlobalSection(SolutionProperties) = preSolution
		HideSolutionNode = FALSE
	EndGlobalSection
	GlobalSection(ExtensibilityGlobals) = postSolution
		SolutionGuid = {E53B2467-F878-4792-BF41-CDB9DEEDF963}
	EndGlobalSection
EndGlobal
